// !$*UTF8*$!
{
	archiveVersion = 1;
	classes = {
	};
	objectVersion = 56;
	objects = {

/* Begin PBXBuildFile section */
		3E1624AA2ACED67B006D6727 /* AppDelegate.swift in Sources */ = {isa = PBXBuildFile; fileRef = 3E1624A92ACED67B006D6727 /* AppDelegate.swift */; };
		3E1624AC2ACED67B006D6727 /* SceneDelegate.swift in Sources */ = {isa = PBXBuildFile; fileRef = 3E1624AB2ACED67B006D6727 /* SceneDelegate.swift */; };
		3E1624AE2ACED67B006D6727 /* RootViewController.swift in Sources */ = {isa = PBXBuildFile; fileRef = 3E1624AD2ACED67B006D6727 /* RootViewController.swift */; };
		3E1624B32ACED67C006D6727 /* Assets.xcassets in Resources */ = {isa = PBXBuildFile; fileRef = 3E1624B22ACED67C006D6727 /* Assets.xcassets */; };
		3E1624B62ACED67C006D6727 /* LaunchScreen.storyboard in Resources */ = {isa = PBXBuildFile; fileRef = 3E1624B42ACED67C006D6727 /* LaunchScreen.storyboard */; };
		3E1624C12ACED67C006D6727 /* LoginProtocolOrientedTests.swift in Sources */ = {isa = PBXBuildFile; fileRef = 3E1624C02ACED67C006D6727 /* LoginProtocolOrientedTests.swift */; };
		3E1624CB2ACED67D006D6727 /* LoginProtocolOrientedUITests.swift in Sources */ = {isa = PBXBuildFile; fileRef = 3E1624CA2ACED67D006D6727 /* LoginProtocolOrientedUITests.swift */; };
		3E1624CD2ACED67D006D6727 /* LoginProtocolOrientedUITestsLaunchTests.swift in Sources */ = {isa = PBXBuildFile; fileRef = 3E1624CC2ACED67D006D6727 /* LoginProtocolOrientedUITestsLaunchTests.swift */; };
		3E1624DB2ACED72E006D6727 /* LoginViewController.swift in Sources */ = {isa = PBXBuildFile; fileRef = 3E1624DA2ACED72E006D6727 /* LoginViewController.swift */; };
		3E1624DD2ACED769006D6727 /* MainViewController.swift in Sources */ = {isa = PBXBuildFile; fileRef = 3E1624DC2ACED769006D6727 /* MainViewController.swift */; };
		3E1624E02ACEDF8C006D6727 /* RootViewModel.swift in Sources */ = {isa = PBXBuildFile; fileRef = 3E1624DF2ACEDF8C006D6727 /* RootViewModel.swift */; };
		3E1624E22ACEDFE2006D6727 /* RootViewModelOutput.swift in Sources */ = {isa = PBXBuildFile; fileRef = 3E1624E12ACEDFE2006D6727 /* RootViewModelOutput.swift */; };
		3E1624E52ACEE2BA006D6727 /* LoginStorageService.swift in Sources */ = {isa = PBXBuildFile; fileRef = 3E1624E42ACEE2BA006D6727 /* LoginStorageService.swift */; };
		3E1624E72ACEE36E006D6727 /* LoginStorageServiceImpl.swift in Sources */ = {isa = PBXBuildFile; fileRef = 3E1624E62ACEE36E006D6727 /* LoginStorageServiceImpl.swift */; };
/* End PBXBuildFile section */

/* Begin PBXContainerItemProxy section */
		3E1624BD2ACED67C006D6727 /* PBXContainerItemProxy */ = {
			isa = PBXContainerItemProxy;
			containerPortal = 3E16249E2ACED67B006D6727 /* Project object */;
			proxyType = 1;
			remoteGlobalIDString = 3E1624A52ACED67B006D6727;
			remoteInfo = LoginProtocolOriented;
		};
		3E1624C72ACED67D006D6727 /* PBXContainerItemProxy */ = {
			isa = PBXContainerItemProxy;
			containerPortal = 3E16249E2ACED67B006D6727 /* Project object */;
			proxyType = 1;
			remoteGlobalIDString = 3E1624A52ACED67B006D6727;
			remoteInfo = LoginProtocolOriented;
		};
/* End PBXContainerItemProxy section */

/* Begin PBXFileReference section */
		3E1624A62ACED67B006D6727 /* LoginProtocolOriented.app */ = {isa = PBXFileReference; explicitFileType = wrapper.application; includeInIndex = 0; path = LoginProtocolOriented.app; sourceTree = BUILT_PRODUCTS_DIR; };
		3E1624A92ACED67B006D6727 /* AppDelegate.swift */ = {isa = PBXFileReference; lastKnownFileType = sourcecode.swift; path = AppDelegate.swift; sourceTree = "<group>"; };
		3E1624AB2ACED67B006D6727 /* SceneDelegate.swift */ = {isa = PBXFileReference; lastKnownFileType = sourcecode.swift; path = SceneDelegate.swift; sourceTree = "<group>"; };
		3E1624AD2ACED67B006D6727 /* RootViewController.swift */ = {isa = PBXFileReference; lastKnownFileType = sourcecode.swift; path = RootViewController.swift; sourceTree = "<group>"; };
		3E1624B22ACED67C006D6727 /* Assets.xcassets */ = {isa = PBXFileReference; lastKnownFileType = folder.assetcatalog; path = Assets.xcassets; sourceTree = "<group>"; };
		3E1624B52ACED67C006D6727 /* Base */ = {isa = PBXFileReference; lastKnownFileType = file.storyboard; name = Base; path = Base.lproj/LaunchScreen.storyboard; sourceTree = "<group>"; };
		3E1624B72ACED67C006D6727 /* Info.plist */ = {isa = PBXFileReference; lastKnownFileType = text.plist.xml; path = Info.plist; sourceTree = "<group>"; };
		3E1624BC2ACED67C006D6727 /* LoginProtocolOrientedTests.xctest */ = {isa = PBXFileReference; explicitFileType = wrapper.cfbundle; includeInIndex = 0; path = LoginProtocolOrientedTests.xctest; sourceTree = BUILT_PRODUCTS_DIR; };
		3E1624C02ACED67C006D6727 /* LoginProtocolOrientedTests.swift */ = {isa = PBXFileReference; lastKnownFileType = sourcecode.swift; path = LoginProtocolOrientedTests.swift; sourceTree = "<group>"; };
		3E1624C62ACED67C006D6727 /* LoginProtocolOrientedUITests.xctest */ = {isa = PBXFileReference; explicitFileType = wrapper.cfbundle; includeInIndex = 0; path = LoginProtocolOrientedUITests.xctest; sourceTree = BUILT_PRODUCTS_DIR; };
		3E1624CA2ACED67D006D6727 /* LoginProtocolOrientedUITests.swift */ = {isa = PBXFileReference; lastKnownFileType = sourcecode.swift; path = LoginProtocolOrientedUITests.swift; sourceTree = "<group>"; };
		3E1624CC2ACED67D006D6727 /* LoginProtocolOrientedUITestsLaunchTests.swift */ = {isa = PBXFileReference; lastKnownFileType = sourcecode.swift; path = LoginProtocolOrientedUITestsLaunchTests.swift; sourceTree = "<group>"; };
		3E1624DA2ACED72E006D6727 /* LoginViewController.swift */ = {isa = PBXFileReference; lastKnownFileType = sourcecode.swift; path = LoginViewController.swift; sourceTree = "<group>"; };
		3E1624DC2ACED769006D6727 /* MainViewController.swift */ = {isa = PBXFileReference; lastKnownFileType = sourcecode.swift; path = MainViewController.swift; sourceTree = "<group>"; };
		3E1624DF2ACEDF8C006D6727 /* RootViewModel.swift */ = {isa = PBXFileReference; lastKnownFileType = sourcecode.swift; path = RootViewModel.swift; sourceTree = "<group>"; };
		3E1624E12ACEDFE2006D6727 /* RootViewModelOutput.swift */ = {isa = PBXFileReference; lastKnownFileType = sourcecode.swift; path = RootViewModelOutput.swift; sourceTree = "<group>"; };
		3E1624E42ACEE2BA006D6727 /* LoginStorageService.swift */ = {isa = PBXFileReference; lastKnownFileType = sourcecode.swift; path = LoginStorageService.swift; sourceTree = "<group>"; };
		3E1624E62ACEE36E006D6727 /* LoginStorageServiceImpl.swift */ = {isa = PBXFileReference; lastKnownFileType = sourcecode.swift; path = LoginStorageServiceImpl.swift; sourceTree = "<group>"; };
/* End PBXFileReference section */

/* Begin PBXFrameworksBuildPhase section */
		3E1624A32ACED67B006D6727 /* Frameworks */ = {
			isa = PBXFrameworksBuildPhase;
			buildActionMask = 2147483647;
			files = (
			);
			runOnlyForDeploymentPostprocessing = 0;
		};
		3E1624B92ACED67C006D6727 /* Frameworks */ = {
			isa = PBXFrameworksBuildPhase;
			buildActionMask = 2147483647;
			files = (
			);
			runOnlyForDeploymentPostprocessing = 0;
		};
		3E1624C32ACED67C006D6727 /* Frameworks */ = {
			isa = PBXFrameworksBuildPhase;
			buildActionMask = 2147483647;
			files = (
			);
			runOnlyForDeploymentPostprocessing = 0;
		};
/* End PBXFrameworksBuildPhase section */

/* Begin PBXGroup section */
		3E16249D2ACED67B006D6727 = {
			isa = PBXGroup;
			children = (
				3E1624A82ACED67B006D6727 /* LoginProtocolOriented */,
				3E1624BF2ACED67C006D6727 /* LoginProtocolOrientedTests */,
				3E1624C92ACED67D006D6727 /* LoginProtocolOrientedUITests */,
				3E1624A72ACED67B006D6727 /* Products */,
			);
			sourceTree = "<group>";
		};
		3E1624A72ACED67B006D6727 /* Products */ = {
			isa = PBXGroup;
			children = (
				3E1624A62ACED67B006D6727 /* LoginProtocolOriented.app */,
				3E1624BC2ACED67C006D6727 /* LoginProtocolOrientedTests.xctest */,
				3E1624C62ACED67C006D6727 /* LoginProtocolOrientedUITests.xctest */,
			);
			name = Products;
			sourceTree = "<group>";
		};
		3E1624A82ACED67B006D6727 /* LoginProtocolOriented */ = {
			isa = PBXGroup;
			children = (
				3E1624E32ACEE29A006D6727 /* StorageService */,
				3E1624DE2ACEDF7E006D6727 /* ViewModel */,
				3E1624D92ACED721006D6727 /* View */,
				3E1624A92ACED67B006D6727 /* AppDelegate.swift */,
				3E1624AB2ACED67B006D6727 /* SceneDelegate.swift */,
				3E1624B22ACED67C006D6727 /* Assets.xcassets */,
				3E1624B42ACED67C006D6727 /* LaunchScreen.storyboard */,
				3E1624B72ACED67C006D6727 /* Info.plist */,
			);
			path = LoginProtocolOriented;
			sourceTree = "<group>";
		};
		3E1624BF2ACED67C006D6727 /* LoginProtocolOrientedTests */ = {
			isa = PBXGroup;
			children = (
				3E1624C02ACED67C006D6727 /* LoginProtocolOrientedTests.swift */,
			);
			path = LoginProtocolOrientedTests;
			sourceTree = "<group>";
		};
		3E1624C92ACED67D006D6727 /* LoginProtocolOrientedUITests */ = {
			isa = PBXGroup;
			children = (
				3E1624CA2ACED67D006D6727 /* LoginProtocolOrientedUITests.swift */,
				3E1624CC2ACED67D006D6727 /* LoginProtocolOrientedUITestsLaunchTests.swift */,
			);
			path = LoginProtocolOrientedUITests;
			sourceTree = "<group>";
		};
		3E1624D92ACED721006D6727 /* View */ = {
			isa = PBXGroup;
			children = (
				3E1624AD2ACED67B006D6727 /* RootViewController.swift */,
				3E1624DA2ACED72E006D6727 /* LoginViewController.swift */,
				3E1624DC2ACED769006D6727 /* MainViewController.swift */,
			);
			path = View;
			sourceTree = "<group>";
		};
		3E1624DE2ACEDF7E006D6727 /* ViewModel */ = {
			isa = PBXGroup;
			children = (
				3E1624DF2ACEDF8C006D6727 /* RootViewModel.swift */,
				3E1624E12ACEDFE2006D6727 /* RootViewModelOutput.swift */,
			);
			path = ViewModel;
			sourceTree = "<group>";
		};
		3E1624E32ACEE29A006D6727 /* StorageService */ = {
			isa = PBXGroup;
			children = (
				3E1624E42ACEE2BA006D6727 /* LoginStorageService.swift */,
				3E1624E62ACEE36E006D6727 /* LoginStorageServiceImpl.swift */,
			);
			path = StorageService;
			sourceTree = "<group>";
		};
/* End PBXGroup section */

/* Begin PBXNativeTarget section */
		3E1624A52ACED67B006D6727 /* LoginProtocolOriented */ = {
			isa = PBXNativeTarget;
			buildConfigurationList = 3E1624D02ACED67D006D6727 /* Build configuration list for PBXNativeTarget "LoginProtocolOriented" */;
			buildPhases = (
				3E1624A22ACED67B006D6727 /* Sources */,
				3E1624A32ACED67B006D6727 /* Frameworks */,
				3E1624A42ACED67B006D6727 /* Resources */,
			);
			buildRules = (
			);
			dependencies = (
			);
			name = LoginProtocolOriented;
			productName = LoginProtocolOriented;
			productReference = 3E1624A62ACED67B006D6727 /* LoginProtocolOriented.app */;
			productType = "com.apple.product-type.application";
		};
		3E1624BB2ACED67C006D6727 /* LoginProtocolOrientedTests */ = {
			isa = PBXNativeTarget;
			buildConfigurationList = 3E1624D32ACED67D006D6727 /* Build configuration list for PBXNativeTarget "LoginProtocolOrientedTests" */;
			buildPhases = (
				3E1624B82ACED67C006D6727 /* Sources */,
				3E1624B92ACED67C006D6727 /* Frameworks */,
				3E1624BA2ACED67C006D6727 /* Resources */,
			);
			buildRules = (
			);
			dependencies = (
				3E1624BE2ACED67C006D6727 /* PBXTargetDependency */,
			);
			name = LoginProtocolOrientedTests;
			productName = LoginProtocolOrientedTests;
			productReference = 3E1624BC2ACED67C006D6727 /* LoginProtocolOrientedTests.xctest */;
			productType = "com.apple.product-type.bundle.unit-test";
		};
		3E1624C52ACED67C006D6727 /* LoginProtocolOrientedUITests */ = {
			isa = PBXNativeTarget;
			buildConfigurationList = 3E1624D62ACED67D006D6727 /* Build configuration list for PBXNativeTarget "LoginProtocolOrientedUITests" */;
			buildPhases = (
				3E1624C22ACED67C006D6727 /* Sources */,
				3E1624C32ACED67C006D6727 /* Frameworks */,
				3E1624C42ACED67C006D6727 /* Resources */,
			);
			buildRules = (
			);
			dependencies = (
				3E1624C82ACED67D006D6727 /* PBXTargetDependency */,
			);
			name = LoginProtocolOrientedUITests;
			productName = LoginProtocolOrientedUITests;
			productReference = 3E1624C62ACED67C006D6727 /* LoginProtocolOrientedUITests.xctest */;
			productType = "com.apple.product-type.bundle.ui-testing";
		};
/* End PBXNativeTarget section */

/* Begin PBXProject section */
		3E16249E2ACED67B006D6727 /* Project object */ = {
			isa = PBXProject;
			attributes = {
				BuildIndependentTargetsInParallel = 1;
				LastSwiftUpdateCheck = 1500;
				LastUpgradeCheck = 1500;
				TargetAttributes = {
					3E1624A52ACED67B006D6727 = {
						CreatedOnToolsVersion = 15.0;
					};
					3E1624BB2ACED67C006D6727 = {
						CreatedOnToolsVersion = 15.0;
						TestTargetID = 3E1624A52ACED67B006D6727;
					};
					3E1624C52ACED67C006D6727 = {
						CreatedOnToolsVersion = 15.0;
						TestTargetID = 3E1624A52ACED67B006D6727;
					};
				};
			};
			buildConfigurationList = 3E1624A12ACED67B006D6727 /* Build configuration list for PBXProject "LoginProtocolOriented" */;
			compatibilityVersion = "Xcode 14.0";
			developmentRegion = en;
			hasScannedForEncodings = 0;
			knownRegions = (
				en,
				Base,
			);
			mainGroup = 3E16249D2ACED67B006D6727;
			productRefGroup = 3E1624A72ACED67B006D6727 /* Products */;
			projectDirPath = "";
			projectRoot = "";
			targets = (
				3E1624A52ACED67B006D6727 /* LoginProtocolOriented */,
				3E1624BB2ACED67C006D6727 /* LoginProtocolOrientedTests */,
				3E1624C52ACED67C006D6727 /* LoginProtocolOrientedUITests */,
			);
		};
/* End PBXProject section */

/* Begin PBXResourcesBuildPhase section */
		3E1624A42ACED67B006D6727 /* Resources */ = {
			isa = PBXResourcesBuildPhase;
			buildActionMask = 2147483647;
			files = (
				3E1624B62ACED67C006D6727 /* LaunchScreen.storyboard in Resources */,
				3E1624B32ACED67C006D6727 /* Assets.xcassets in Resources */,
			);
			runOnlyForDeploymentPostprocessing = 0;
		};
		3E1624BA2ACED67C006D6727 /* Resources */ = {
			isa = PBXResourcesBuildPhase;
			buildActionMask = 2147483647;
			files = (
			);
			runOnlyForDeploymentPostprocessing = 0;
		};
		3E1624C42ACED67C006D6727 /* Resources */ = {
			isa = PBXResourcesBuildPhase;
			buildActionMask = 2147483647;
			files = (
			);
			runOnlyForDeploymentPostprocessing = 0;
		};
/* End PBXResourcesBuildPhase section */

/* Begin PBXSourcesBuildPhase section */
		3E1624A22ACED67B006D6727 /* Sources */ = {
			isa = PBXSourcesBuildPhase;
			buildActionMask = 2147483647;
			files = (
				3E1624DB2ACED72E006D6727 /* LoginViewController.swift in Sources */,
				3E1624AE2ACED67B006D6727 /* RootViewController.swift in Sources */,
				3E1624E22ACEDFE2006D6727 /* RootViewModelOutput.swift in Sources */,
				3E1624E72ACEE36E006D6727 /* LoginStorageServiceImpl.swift in Sources */,
				3E1624E52ACEE2BA006D6727 /* LoginStorageService.swift in Sources */,
				3E1624AA2ACED67B006D6727 /* AppDelegate.swift in Sources */,
				3E1624AC2ACED67B006D6727 /* SceneDelegate.swift in Sources */,
				3E1624E02ACEDF8C006D6727 /* RootViewModel.swift in Sources */,
				3E1624DD2ACED769006D6727 /* MainViewController.swift in Sources */,
			);
			runOnlyForDeploymentPostprocessing = 0;
		};
		3E1624B82ACED67C006D6727 /* Sources */ = {
			isa = PBXSourcesBuildPhase;
			buildActionMask = 2147483647;
			files = (
				3E1624C12ACED67C006D6727 /* LoginProtocolOrientedTests.swift in Sources */,
			);
			runOnlyForDeploymentPostprocessing = 0;
		};
		3E1624C22ACED67C006D6727 /* Sources */ = {
			isa = PBXSourcesBuildPhase;
			buildActionMask = 2147483647;
			files = (
				3E1624CD2ACED67D006D6727 /* LoginProtocolOrientedUITestsLaunchTests.swift in Sources */,
				3E1624CB2ACED67D006D6727 /* LoginProtocolOrientedUITests.swift in Sources */,
			);
			runOnlyForDeploymentPostprocessing = 0;
		};
/* End PBXSourcesBuildPhase section */

/* Begin PBXTargetDependency section */
		3E1624BE2ACED67C006D6727 /* PBXTargetDependency */ = {
			isa = PBXTargetDependency;
			target = 3E1624A52ACED67B006D6727 /* LoginProtocolOriented */;
			targetProxy = 3E1624BD2ACED67C006D6727 /* PBXContainerItemProxy */;
		};
		3E1624C82ACED67D006D6727 /* PBXTargetDependency */ = {
			isa = PBXTargetDependency;
			target = 3E1624A52ACED67B006D6727 /* LoginProtocolOriented */;
			targetProxy = 3E1624C72ACED67D006D6727 /* PBXContainerItemProxy */;
		};
/* End PBXTargetDependency section */

/* Begin PBXVariantGroup section */
		3E1624B42ACED67C006D6727 /* LaunchScreen.storyboard */ = {
			isa = PBXVariantGroup;
			children = (
				3E1624B52ACED67C006D6727 /* Base */,
			);
			name = LaunchScreen.storyboard;
			sourceTree = "<group>";
		};
/* End PBXVariantGroup section */

/* Begin XCBuildConfiguration section */
		3E1624CE2ACED67D006D6727 /* Debug */ = {
			isa = XCBuildConfiguration;
			buildSettings = {
				ALWAYS_SEARCH_USER_PATHS = NO;
				ASSETCATALOG_COMPILER_GENERATE_SWIFT_ASSET_SYMBOL_EXTENSIONS = YES;
				CLANG_ANALYZER_NONNULL = YES;
				CLANG_ANALYZER_NUMBER_OBJECT_CONVERSION = YES_AGGRESSIVE;
				CLANG_CXX_LANGUAGE_STANDARD = "gnu++20";
				CLANG_ENABLE_MODULES = YES;
				CLANG_ENABLE_OBJC_ARC = YES;
				CLANG_ENABLE_OBJC_WEAK = YES;
				CLANG_WARN_BLOCK_CAPTURE_AUTORELEASING = YES;
				CLANG_WARN_BOOL_CONVERSION = YES;
				CLANG_WARN_COMMA = YES;
				CLANG_WARN_CONSTANT_CONVERSION = YES;
				CLANG_WARN_DEPRECATED_OBJC_IMPLEMENTATIONS = YES;
				CLANG_WARN_DIRECT_OBJC_ISA_USAGE = YES_ERROR;
				CLANG_WARN_DOCUMENTATION_COMMENTS = YES;
				CLANG_WARN_EMPTY_BODY = YES;
				CLANG_WARN_ENUM_CONVERSION = YES;
				CLANG_WARN_INFINITE_RECURSION = YES;
				CLANG_WARN_INT_CONVERSION = YES;
				CLANG_WARN_NON_LITERAL_NULL_CONVERSION = YES;
				CLANG_WARN_OBJC_IMPLICIT_RETAIN_SELF = YES;
				CLANG_WARN_OBJC_LITERAL_CONVERSION = YES;
				CLANG_WARN_OBJC_ROOT_CLASS = YES_ERROR;
				CLANG_WARN_QUOTED_INCLUDE_IN_FRAMEWORK_HEADER = YES;
				CLANG_WARN_RANGE_LOOP_ANALYSIS = YES;
				CLANG_WARN_STRICT_PROTOTYPES = YES;
				CLANG_WARN_SUSPICIOUS_MOVE = YES;
				CLANG_WARN_UNGUARDED_AVAILABILITY = YES_AGGRESSIVE;
				CLANG_WARN_UNREACHABLE_CODE = YES;
				CLANG_WARN__DUPLICATE_METHOD_MATCH = YES;
				COPY_PHASE_STRIP = NO;
				DEBUG_INFORMATION_FORMAT = dwarf;
				ENABLE_STRICT_OBJC_MSGSEND = YES;
				ENABLE_TESTABILITY = YES;
				ENABLE_USER_SCRIPT_SANDBOXING = YES;
				GCC_C_LANGUAGE_STANDARD = gnu17;
				GCC_DYNAMIC_NO_PIC = NO;
				GCC_NO_COMMON_BLOCKS = YES;
				GCC_OPTIMIZATION_LEVEL = 0;
				GCC_PREPROCESSOR_DEFINITIONS = (
					"DEBUG=1",
					"$(inherited)",
				);
				GCC_WARN_64_TO_32_BIT_CONVERSION = YES;
				GCC_WARN_ABOUT_RETURN_TYPE = YES_ERROR;
				GCC_WARN_UNDECLARED_SELECTOR = YES;
				GCC_WARN_UNINITIALIZED_AUTOS = YES_AGGRESSIVE;
				GCC_WARN_UNUSED_FUNCTION = YES;
				GCC_WARN_UNUSED_VARIABLE = YES;
				IPHONEOS_DEPLOYMENT_TARGET = 17.0;
				LOCALIZATION_PREFERS_STRING_CATALOGS = YES;
				MTL_ENABLE_DEBUG_INFO = INCLUDE_SOURCE;
				MTL_FAST_MATH = YES;
				ONLY_ACTIVE_ARCH = YES;
				SDKROOT = iphoneos;
				SWIFT_ACTIVE_COMPILATION_CONDITIONS = "DEBUG $(inherited)";
				SWIFT_OPTIMIZATION_LEVEL = "-Onone";
			};
			name = Debug;
		};
		3E1624CF2ACED67D006D6727 /* Release */ = {
			isa = XCBuildConfiguration;
			buildSettings = {
				ALWAYS_SEARCH_USER_PATHS = NO;
				ASSETCATALOG_COMPILER_GENERATE_SWIFT_ASSET_SYMBOL_EXTENSIONS = YES;
				CLANG_ANALYZER_NONNULL = YES;
				CLANG_ANALYZER_NUMBER_OBJECT_CONVERSION = YES_AGGRESSIVE;
				CLANG_CXX_LANGUAGE_STANDARD = "gnu++20";
				CLANG_ENABLE_MODULES = YES;
				CLANG_ENABLE_OBJC_ARC = YES;
				CLANG_ENABLE_OBJC_WEAK = YES;
				CLANG_WARN_BLOCK_CAPTURE_AUTORELEASING = YES;
				CLANG_WARN_BOOL_CONVERSION = YES;
				CLANG_WARN_COMMA = YES;
				CLANG_WARN_CONSTANT_CONVERSION = YES;
				CLANG_WARN_DEPRECATED_OBJC_IMPLEMENTATIONS = YES;
				CLANG_WARN_DIRECT_OBJC_ISA_USAGE = YES_ERROR;
				CLANG_WARN_DOCUMENTATION_COMMENTS = YES;
				CLANG_WARN_EMPTY_BODY = YES;
				CLANG_WARN_ENUM_CONVERSION = YES;
				CLANG_WARN_INFINITE_RECURSION = YES;
				CLANG_WARN_INT_CONVERSION = YES;
				CLANG_WARN_NON_LITERAL_NULL_CONVERSION = YES;
				CLANG_WARN_OBJC_IMPLICIT_RETAIN_SELF = YES;
				CLANG_WARN_OBJC_LITERAL_CONVERSION = YES;
				CLANG_WARN_OBJC_ROOT_CLASS = YES_ERROR;
				CLANG_WARN_QUOTED_INCLUDE_IN_FRAMEWORK_HEADER = YES;
				CLANG_WARN_RANGE_LOOP_ANALYSIS = YES;
				CLANG_WARN_STRICT_PROTOTYPES = YES;
				CLANG_WARN_SUSPICIOUS_MOVE = YES;
				CLANG_WARN_UNGUARDED_AVAILABILITY = YES_AGGRESSIVE;
				CLANG_WARN_UNREACHABLE_CODE = YES;
				CLANG_WARN__DUPLICATE_METHOD_MATCH = YES;
				COPY_PHASE_STRIP = NO;
				DEBUG_INFORMATION_FORMAT = "dwarf-with-dsym";
				ENABLE_NS_ASSERTIONS = NO;
				ENABLE_STRICT_OBJC_MSGSEND = YES;
				ENABLE_USER_SCRIPT_SANDBOXING = YES;
				GCC_C_LANGUAGE_STANDARD = gnu17;
				GCC_NO_COMMON_BLOCKS = YES;
				GCC_WARN_64_TO_32_BIT_CONVERSION = YES;
				GCC_WARN_ABOUT_RETURN_TYPE = YES_ERROR;
				GCC_WARN_UNDECLARED_SELECTOR = YES;
				GCC_WARN_UNINITIALIZED_AUTOS = YES_AGGRESSIVE;
				GCC_WARN_UNUSED_FUNCTION = YES;
				GCC_WARN_UNUSED_VARIABLE = YES;
				IPHONEOS_DEPLOYMENT_TARGET = 17.0;
				LOCALIZATION_PREFERS_STRING_CATALOGS = YES;
				MTL_ENABLE_DEBUG_INFO = NO;
				MTL_FAST_MATH = YES;
				SDKROOT = iphoneos;
				SWIFT_COMPILATION_MODE = wholemodule;
				VALIDATE_PRODUCT = YES;
			};
			name = Release;
		};
		3E1624D12ACED67D006D6727 /* Debug */ = {
			isa = XCBuildConfiguration;
			buildSettings = {
				ASSETCATALOG_COMPILER_APPICON_NAME = AppIcon;
				ASSETCATALOG_COMPILER_GLOBAL_ACCENT_COLOR_NAME = AccentColor;
				CODE_SIGN_STYLE = Automatic;
				CURRENT_PROJECT_VERSION = 1;
				DEVELOPMENT_TEAM = NP9SFSU59W;
				GENERATE_INFOPLIST_FILE = YES;
				INFOPLIST_FILE = LoginProtocolOriented/Info.plist;
				INFOPLIST_KEY_UIApplicationSupportsIndirectInputEvents = YES;
				INFOPLIST_KEY_UILaunchStoryboardName = LaunchScreen;
				INFOPLIST_KEY_UISupportedInterfaceOrientations_iPad = "UIInterfaceOrientationPortrait UIInterfaceOrientationPortraitUpsideDown UIInterfaceOrientationLandscapeLeft UIInterfaceOrientationLandscapeRight";
				INFOPLIST_KEY_UISupportedInterfaceOrientations_iPhone = "UIInterfaceOrientationPortrait UIInterfaceOrientationLandscapeLeft UIInterfaceOrientationLandscapeRight";
				LD_RUNPATH_SEARCH_PATHS = (
					"$(inherited)",
					"@executable_path/Frameworks",
				);
				MARKETING_VERSION = 1.0;
				PRODUCT_BUNDLE_IDENTIFIER = dev.onurbulut.LoginProtocolOriented;
				PRODUCT_NAME = "$(TARGET_NAME)";
				SWIFT_EMIT_LOC_STRINGS = YES;
				SWIFT_VERSION = 5.0;
				TARGETED_DEVICE_FAMILY = "1,2";
			};
			name = Debug;
		};
		3E1624D22ACED67D006D6727 /* Release */ = {
			isa = XCBuildConfiguration;
			buildSettings = {
				ASSETCATALOG_COMPILER_APPICON_NAME = AppIcon;
				ASSETCATALOG_COMPILER_GLOBAL_ACCENT_COLOR_NAME = AccentColor;
				CODE_SIGN_STYLE = Automatic;
				CURRENT_PROJECT_VERSION = 1;
				DEVELOPMENT_TEAM = NP9SFSU59W;
				GENERATE_INFOPLIST_FILE = YES;
				INFOPLIST_FILE = LoginProtocolOriented/Info.plist;
				INFOPLIST_KEY_UIApplicationSupportsIndirectInputEvents = YES;
				INFOPLIST_KEY_UILaunchStoryboardName = LaunchScreen;
				INFOPLIST_KEY_UISupportedInterfaceOrientations_iPad = "UIInterfaceOrientationPortrait UIInterfaceOrientationPortraitUpsideDown UIInterfaceOrientationLandscapeLeft UIInterfaceOrientationLandscapeRight";
				INFOPLIST_KEY_UISupportedInterfaceOrientations_iPhone = "UIInterfaceOrientationPortrait UIInterfaceOrientationLandscapeLeft UIInterfaceOrientationLandscapeRight";
				LD_RUNPATH_SEARCH_PATHS = (
					"$(inherited)",
					"@executable_path/Frameworks",
				);
				MARKETING_VERSION = 1.0;
				PRODUCT_BUNDLE_IDENTIFIER = dev.onurbulut.LoginProtocolOriented;
				PRODUCT_NAME = "$(TARGET_NAME)";
				SWIFT_EMIT_LOC_STRINGS = YES;
				SWIFT_VERSION = 5.0;
				TARGETED_DEVICE_FAMILY = "1,2";
			};
			name = Release;
		};
		3E1624D42ACED67D006D6727 /* Debug */ = {
			isa = XCBuildConfiguration;
			buildSettings = {
				ALWAYS_EMBED_SWIFT_STANDARD_LIBRARIES = YES;
				BUNDLE_LOADER = "$(TEST_HOST)";
				CODE_SIGN_STYLE = Automatic;
				CURRENT_PROJECT_VERSION = 1;
				DEVELOPMENT_TEAM = NP9SFSU59W;
				GENERATE_INFOPLIST_FILE = YES;
				IPHONEOS_DEPLOYMENT_TARGET = 17.0;
				MARKETING_VERSION = 1.0;
				PRODUCT_BUNDLE_IDENTIFIER = dev.onurbulut.LoginProtocolOrientedTests;
				PRODUCT_NAME = "$(TARGET_NAME)";
				SWIFT_EMIT_LOC_STRINGS = NO;
				SWIFT_VERSION = 5.0;
				TARGETED_DEVICE_FAMILY = "1,2";
				TEST_HOST = "$(BUILT_PRODUCTS_DIR)/LoginProtocolOriented.app/$(BUNDLE_EXECUTABLE_FOLDER_PATH)/LoginProtocolOriented";
			};
			name = Debug;
		};
		3E1624D52ACED67D006D6727 /* Release */ = {
			isa = XCBuildConfiguration;
			buildSettings = {
				ALWAYS_EMBED_SWIFT_STANDARD_LIBRARIES = YES;
				BUNDLE_LOADER = "$(TEST_HOST)";
				CODE_SIGN_STYLE = Automatic;
				CURRENT_PROJECT_VERSION = 1;
				DEVELOPMENT_TEAM = NP9SFSU59W;
				GENERATE_INFOPLIST_FILE = YES;
				IPHONEOS_DEPLOYMENT_TARGET = 17.0;
				MARKETING_VERSION = 1.0;
				PRODUCT_BUNDLE_IDENTIFIER = dev.onurbulut.LoginProtocolOrientedTests;
				PRODUCT_NAME = "$(TARGET_NAME)";
				SWIFT_EMIT_LOC_STRINGS = NO;
				SWIFT_VERSION = 5.0;
				TARGETED_DEVICE_FAMILY = "1,2";
				TEST_HOST = "$(BUILT_PRODUCTS_DIR)/LoginProtocolOriented.app/$(BUNDLE_EXECUTABLE_FOLDER_PATH)/LoginProtocolOriented";
			};
			name = Release;
		};
		3E1624D72ACED67D006D6727 /* Debug */ = {
			isa = XCBuildConfiguration;
			buildSettings = {
				ALWAYS_EMBED_SWIFT_STANDARD_LIBRARIES = YES;
				CODE_SIGN_STYLE = Automatic;
				CURRENT_PROJECT_VERSION = 1;
				DEVELOPMENT_TEAM = NP9SFSU59W;
				GENERATE_INFOPLIST_FILE = YES;
				MARKETING_VERSION = 1.0;
				PRODUCT_BUNDLE_IDENTIFIER = dev.onurbulut.LoginProtocolOrientedUITests;
				PRODUCT_NAME = "$(TARGET_NAME)";
				SWIFT_EMIT_LOC_STRINGS = NO;
				SWIFT_VERSION = 5.0;
				TARGETED_DEVICE_FAMILY = "1,2";
				TEST_TARGET_NAME = LoginProtocolOriented;
			};
			name = Debug;
		};
		3E1624D82ACED67D006D6727 /* Release */ = {
			isa = XCBuildConfiguration;
			buildSettings = {
				ALWAYS_EMBED_SWIFT_STANDARD_LIBRARIES = YES;
				CODE_SIGN_STYLE = Automatic;
				CURRENT_PROJECT_VERSION = 1;
				DEVELOPMENT_TEAM = NP9SFSU59W;
				GENERATE_INFOPLIST_FILE = YES;
				MARKETING_VERSION = 1.0;
				PRODUCT_BUNDLE_IDENTIFIER = dev.onurbulut.LoginProtocolOrientedUITests;
				PRODUCT_NAME = "$(TARGET_NAME)";
				SWIFT_EMIT_LOC_STRINGS = NO;
				SWIFT_VERSION = 5.0;
				TARGETED_DEVICE_FAMILY = "1,2";
				TEST_TARGET_NAME = LoginProtocolOriented;
			};
			name = Release;
		};
/* End XCBuildConfiguration section */

/* Begin XCConfigurationList section */
		3E1624A12ACED67B006D6727 /* Build configuration list for PBXProject "LoginProtocolOriented" */ = {
			isa = XCConfigurationList;
			buildConfigurations = (
				3E1624CE2ACED67D006D6727 /* Debug */,
				3E1624CF2ACED67D006D6727 /* Release */,
			);
			defaultConfigurationIsVisible = 0;
			defaultConfigurationName = Release;
		};
		3E1624D02ACED67D006D6727 /* Build configuration list for PBXNativeTarget "LoginProtocolOriented" */ = {
			isa = XCConfigurationList;
			buildConfigurations = (
				3E1624D12ACED67D006D6727 /* Debug */,
				3E1624D22ACED67D006D6727 /* Release */,
			);
			defaultConfigurationIsVisible = 0;
			defaultConfigurationName = Release;
		};
		3E1624D32ACED67D006D6727 /* Build configuration list for PBXNativeTarget "LoginProtocolOrientedTests" */ = {
			isa = XCConfigurationList;
			buildConfigurations = (
				3E1624D42ACED67D006D6727 /* Debug */,
				3E1624D52ACED67D006D6727 /* Release */,
			);
			defaultConfigurationIsVisible = 0;
			defaultConfigurationName = Release;
		};
		3E1624D62ACED67D006D6727 /* Build configuration list for PBXNativeTarget "LoginProtocolOrientedUITests" */ = {
			isa = XCConfigurationList;
			buildConfigurations = (
				3E1624D72ACED67D006D6727 /* Debug */,
				3E1624D82ACED67D006D6727 /* Release */,
			);
			defaultConfigurationIsVisible = 0;
			defaultConfigurationName = Release;
		};
/* End XCConfigurationList section */
	};
	rootObject = 3E16249E2ACED67B006D6727 /* Project object */;
}
